
Microsoft Visual Studio Solution File, Format Version 12.00
# Visual Studio Version 17
VisualStudioVersion = 17.4.33205.214
MinimumVisualStudioVersion = 10.0.40219.1
Project("{9A19103F-16F7-4668-BE54-9A1E7A4F7556}") = "Avito", "Avito\Avito.csproj", "{69103590-33DE-440F-AD06-69EBC902ACC6}"
EndProject
Project("{9A19103F-16F7-4668-BE54-9A1E7A4F7556}") = "Avito.Logic", "Avito.Logic\Avito.Logic.csproj", "{B4EE2A89-BB8A-48F3-B533-517CF80A62D6}"
EndProject
Project("{9A19103F-16F7-4668-BE54-9A1E7A4F7556}") = "Avito.Infrastructure", "Avito.Infrastructure\Avito.Infrastructure.csproj", "{4669CA79-1E59-4EF4-98A1-92E1A1938565}"
EndProject
Project("{FAE04EC0-301F-11D3-BF4B-00C04F79EFBC}") = "Avito.Application", "Avito.Application\Avito.Application.csproj", "{ECA4C31C-344F-480A-96F8-D00DD45E257B}"
EndProject
Global
	GlobalSection(SolutionConfigurationPlatforms) = preSolution
		Debug|Any CPU = Debug|Any CPU
		Release|Any CPU = Release|Any CPU
	EndGlobalSection
	GlobalSection(ProjectConfigurationPlatforms) = postSolution
		{69103590-33DE-440F-AD06-69EBC902ACC6}.Debug|Any CPU.ActiveCfg = Debug|Any CPU
		{69103590-33DE-440F-AD06-69EBC902ACC6}.Debug|Any CPU.Build.0 = Debug|Any CPU
		{69103590-33DE-440F-AD06-69EBC902ACC6}.Release|Any CPU.ActiveCfg = Release|Any CPU
		{69103590-33DE-440F-AD06-69EBC902ACC6}.Release|Any CPU.Build.0 = Release|Any CPU
		{B4EE2A89-BB8A-48F3-B533-517CF80A62D6}.Debug|Any CPU.ActiveCfg = Debug|Any CPU
		{B4EE2A89-BB8A-48F3-B533-517CF80A62D6}.Debug|Any CPU.Build.0 = Debug|Any CPU
		{B4EE2A89-BB8A-48F3-B533-517CF80A62D6}.Release|Any CPU.ActiveCfg = Release|Any CPU
		{B4EE2A89-BB8A-48F3-B533-517CF80A62D6}.Release|Any CPU.Build.0 = Release|Any CPU
		{4669CA79-1E59-4EF4-98A1-92E1A1938565}.Debug|Any CPU.ActiveCfg = Debug|Any CPU
		{4669CA79-1E59-4EF4-98A1-92E1A1938565}.Debug|Any CPU.Build.0 = Debug|Any CPU
		{4669CA79-1E59-4EF4-98A1-92E1A1938565}.Release|Any CPU.ActiveCfg = Release|Any CPU
		{4669CA79-1E59-4EF4-98A1-92E1A1938565}.Release|Any CPU.Build.0 = Release|Any CPU
		{ECA4C31C-344F-480A-96F8-D00DD45E257B}.Debug|Any CPU.ActiveCfg = Debug|Any CPU
		{ECA4C31C-344F-480A-96F8-D00DD45E257B}.Debug|Any CPU.Build.0 = Debug|Any CPU
		{ECA4C31C-344F-480A-96F8-D00DD45E257B}.Release|Any CPU.ActiveCfg = Release|Any CPU
		{ECA4C31C-344F-480A-96F8-D00DD45E257B}.Release|Any CPU.Build.0 = Release|Any CPU
	EndGlobalSection
	GlobalSection(SolutionProperties) = preSolution
		HideSolutionNode = FALSE
	EndGlobalSection
	GlobalSection(ExtensibilityGlobals) = postSolution
		SolutionGuid = {04FA63C9-753A-4676-B362-D14262670874}
	EndGlobalSection
EndGlobal
